
Microsoft Visual Studio Solution File, Format Version 12.00
# Visual Studio Version 16
VisualStudioVersion = 16.0.30517.126
MinimumVisualStudioVersion = 10.0.40219.1
Project("{9A19103F-16F7-4668-BE54-9A1E7A4F7556}") = "OrmDemo", "OrmDemo.csproj", "{A778188A-AD40-4CDD-84E2-A0670FB23239}"
EndProject
Project("{2150E333-8FDC-42A3-9474-1A3956D46DE8}") = "OrmDemo.Business", "OrmDemo.Business", "{9E11EA0C-3554-4FD3-8E36-E91DCBF21AEB}"
EndProject
Project("{2150E333-8FDC-42A3-9474-1A3956D46DE8}") = "OrmDemo.Business.Dapper", "OrmDemo.Business.Dapper", "{A19DA988-7FD6-4708-AE0F-30282CF8BB84}"
EndProject
Project("{9A19103F-16F7-4668-BE54-9A1E7A4F7556}") = "OrmDemo.Data.Dapper.Entities", "..\OrmDemo.Business.Dapper.Entities\OrmDemo.Data.Dapper.Entities.csproj", "{C53351C4-6108-4D9B-9E61-0CACFD1ABEF6}"
EndProject
Project("{9A19103F-16F7-4668-BE54-9A1E7A4F7556}") = "OrmDemo.Business.Dapper.Services", "..\OrmDemo.Business.Dapper.Services\OrmDemo.Business.Dapper.Services.csproj", "{DEA04B09-C905-40E1-B619-D80645C837D2}"
EndProject
Project("{9A19103F-16F7-4668-BE54-9A1E7A4F7556}") = "OrmDemo.Business.Dapper.Services.Interfaces", "..\OrmDemo.Business.Dapper.Services.Interfaces\OrmDemo.Business.Dapper.Services.Interfaces.csproj", "{9D858F96-7151-463B-8122-F2D72630035B}"
EndProject
Project("{2150E333-8FDC-42A3-9474-1A3956D46DE8}") = "OrmDemo.Data.EF6", "OrmDemo.Data.EF6", "{5E45BAB1-3D55-4F30-8860-2FAE4D2B55B1}"
EndProject
Project("{2150E333-8FDC-42A3-9474-1A3956D46DE8}") = "OrmDemo.Data.EFCore", "OrmDemo.Data.EFCore", "{EF35FC47-059A-4250-ACED-66780CEFFE08}"
EndProject
Project("{2150E333-8FDC-42A3-9474-1A3956D46DE8}") = "OrmDemo.Data.NHibernate", "OrmDemo.Data.NHibernate", "{9D790DEB-4E96-4D4C-B0CA-17EE3D050FDA}"
EndProject
Project("{2150E333-8FDC-42A3-9474-1A3956D46DE8}") = "OrmDemo.Data", "OrmDemo.Data", "{908573C3-80E8-4228-B77F-869AA968C6F6}"
EndProject
Project("{2150E333-8FDC-42A3-9474-1A3956D46DE8}") = "OrmDemo.Data.Dapper", "OrmDemo.Data.Dapper", "{4A47B67F-E581-4705-9074-08C5DE2B6015}"
EndProject
Project("{9A19103F-16F7-4668-BE54-9A1E7A4F7556}") = "OrmDemo.Data.EFCore.Entities", "..\OrmDemo.Data.EFCore.Entities\OrmDemo.Data.EFCore.Entities.csproj", "{A9A3F21E-78AC-400D-A5DC-4A2F9ADCA6ED}"
EndProject
Project("{9A19103F-16F7-4668-BE54-9A1E7A4F7556}") = "OrmDemo.Data.EFCore.Contexts", "..\OrmDemo.Data.EFCore.Contexts\OrmDemo.Data.EFCore.Contexts.csproj", "{7688C8AB-7C70-4760-BDDB-EA8986293EA5}"
EndProject
Project("{2150E333-8FDC-42A3-9474-1A3956D46DE8}") = "OrmDemo.Business.EFCore", "OrmDemo.Business.EFCore", "{F1AD55C6-D111-4A78-9DB3-C63216A2B877}"
EndProject
Project("{FAE04EC0-301F-11D3-BF4B-00C04F79EFBC}") = "OrmDemo.Business.EFCore.Services", "..\OrmDemo.Business.EFCore.Services\OrmDemo.Business.EFCore.Services.csproj", "{6FFE46B8-DA71-4608-82CE-9EDC2C18B805}"
EndProject
Project("{FAE04EC0-301F-11D3-BF4B-00C04F79EFBC}") = "OrmDemo.Data.NHibernate.Entities", "..\OrmDemo.Data.NHibernate.Entities\OrmDemo.Data.NHibernate.Entities.csproj", "{72FD944D-C823-4E8E-9616-E8039F68873E}"
EndProject
Project("{2150E333-8FDC-42A3-9474-1A3956D46DE8}") = "OrmDemo.Business.NHibernate", "OrmDemo.Business.NHibernate", "{97182F99-95C7-43DF-9F4A-E1FA82B12E7E}"
EndProject
Project("{FAE04EC0-301F-11D3-BF4B-00C04F79EFBC}") = "OrmDemo.Business.EFCore.Services.Interfaces", "..\OrmDemo.Business.EFCore.Services.Interfaces\OrmDemo.Business.EFCore.Services.Interfaces.csproj", "{607FEA4E-D1E7-4476-B62C-FFFB3785059F}"
EndProject
Project("{FAE04EC0-301F-11D3-BF4B-00C04F79EFBC}") = "OrmDemo.Business.NHibernate.Services", "..\OrmDemo.Business.NHibernate.Services\OrmDemo.Business.NHibernate.Services.csproj", "{7CC59BBA-9B6A-4B5D-B4BB-7B86A4B25871}"
EndProject
Project("{FAE04EC0-301F-11D3-BF4B-00C04F79EFBC}") = "OrmDemo.Business.NHibernate.Services.Interfaces", "..\OrmDemo.Business.NHibernate.Services.Interfaces\OrmDemo.Business.NHibernate.Services.Interfaces.csproj", "{84BCC4EA-4C1F-43FC-956A-EEC9417091C9}"
EndProject
Project("{FAE04EC0-301F-11D3-BF4B-00C04F79EFBC}") = "OrmDemo.Data.EF6.Contexts", "..\OrmDemo.Data.EF6.Contexts\OrmDemo.Data.EF6.Contexts.csproj", "{F77B340D-4DFE-45F2-B64D-7FB733E72C9A}"
EndProject
Project("{FAE04EC0-301F-11D3-BF4B-00C04F79EFBC}") = "OrmDemo.Data.EF6.Entities", "..\OrmDemo.Data.EF6.Entities\OrmDemo.Data.EF6.Entities.csproj", "{FFFC076A-C26E-47C4-8884-3F79FBF9E85B}"
EndProject
Project("{2150E333-8FDC-42A3-9474-1A3956D46DE8}") = "OrmDemo.Business.EF6", "OrmDemo.Business.EF6", "{87AAD700-0289-4783-B002-F923E538D125}"
EndProject
Project("{FAE04EC0-301F-11D3-BF4B-00C04F79EFBC}") = "OrmDemo.Business.EF6.Services", "..\OrmDemo.Business.EF6.Services\OrmDemo.Business.EF6.Services.csproj", "{AEEC7916-A97D-469A-AAEC-863925C7D51B}"
EndProject
Project("{FAE04EC0-301F-11D3-BF4B-00C04F79EFBC}") = "OrmDemo.Business.EF6.Services.Interfaces", "..\OrmDemo.Business.EF6.Services.Interfaces\OrmDemo.Business.EF6.Services.Interfaces.csproj", "{7233A941-563E-416B-9F03-3C5FF01F1DF1}"
EndProject
Global
	GlobalSection(SolutionConfigurationPlatforms) = preSolution
		Debug|Any CPU = Debug|Any CPU
		Release|Any CPU = Release|Any CPU
	EndGlobalSection
	GlobalSection(ProjectConfigurationPlatforms) = postSolution
		{A778188A-AD40-4CDD-84E2-A0670FB23239}.Debug|Any CPU.ActiveCfg = Debug|Any CPU
		{A778188A-AD40-4CDD-84E2-A0670FB23239}.Debug|Any CPU.Build.0 = Debug|Any CPU
		{A778188A-AD40-4CDD-84E2-A0670FB23239}.Release|Any CPU.ActiveCfg = Release|Any CPU
		{A778188A-AD40-4CDD-84E2-A0670FB23239}.Release|Any CPU.Build.0 = Release|Any CPU
		{C53351C4-6108-4D9B-9E61-0CACFD1ABEF6}.Debug|Any CPU.ActiveCfg = Debug|Any CPU
		{C53351C4-6108-4D9B-9E61-0CACFD1ABEF6}.Debug|Any CPU.Build.0 = Debug|Any CPU
		{C53351C4-6108-4D9B-9E61-0CACFD1ABEF6}.Release|Any CPU.ActiveCfg = Release|Any CPU
		{C53351C4-6108-4D9B-9E61-0CACFD1ABEF6}.Release|Any CPU.Build.0 = Release|Any CPU
		{DEA04B09-C905-40E1-B619-D80645C837D2}.Debug|Any CPU.ActiveCfg = Debug|Any CPU
		{DEA04B09-C905-40E1-B619-D80645C837D2}.Debug|Any CPU.Build.0 = Debug|Any CPU
		{DEA04B09-C905-40E1-B619-D80645C837D2}.Release|Any CPU.ActiveCfg = Release|Any CPU
		{DEA04B09-C905-40E1-B619-D80645C837D2}.Release|Any CPU.Build.0 = Release|Any CPU
		{9D858F96-7151-463B-8122-F2D72630035B}.Debug|Any CPU.ActiveCfg = Debug|Any CPU
		{9D858F96-7151-463B-8122-F2D72630035B}.Debug|Any CPU.Build.0 = Debug|Any CPU
		{9D858F96-7151-463B-8122-F2D72630035B}.Release|Any CPU.ActiveCfg = Release|Any CPU
		{9D858F96-7151-463B-8122-F2D72630035B}.Release|Any CPU.Build.0 = Release|Any CPU
		{A9A3F21E-78AC-400D-A5DC-4A2F9ADCA6ED}.Debug|Any CPU.ActiveCfg = Debug|Any CPU
		{A9A3F21E-78AC-400D-A5DC-4A2F9ADCA6ED}.Debug|Any CPU.Build.0 = Debug|Any CPU
		{A9A3F21E-78AC-400D-A5DC-4A2F9ADCA6ED}.Release|Any CPU.ActiveCfg = Release|Any CPU
		{A9A3F21E-78AC-400D-A5DC-4A2F9ADCA6ED}.Release|Any CPU.Build.0 = Release|Any CPU
		{7688C8AB-7C70-4760-BDDB-EA8986293EA5}.Debug|Any CPU.ActiveCfg = Debug|Any CPU
		{7688C8AB-7C70-4760-BDDB-EA8986293EA5}.Debug|Any CPU.Build.0 = Debug|Any CPU
		{7688C8AB-7C70-4760-BDDB-EA8986293EA5}.Release|Any CPU.ActiveCfg = Release|Any CPU
		{7688C8AB-7C70-4760-BDDB-EA8986293EA5}.Release|Any CPU.Build.0 = Release|Any CPU
		{6FFE46B8-DA71-4608-82CE-9EDC2C18B805}.Debug|Any CPU.ActiveCfg = Debug|Any CPU
		{6FFE46B8-DA71-4608-82CE-9EDC2C18B805}.Debug|Any CPU.Build.0 = Debug|Any CPU
		{6FFE46B8-DA71-4608-82CE-9EDC2C18B805}.Release|Any CPU.ActiveCfg = Release|Any CPU
		{6FFE46B8-DA71-4608-82CE-9EDC2C18B805}.Release|Any CPU.Build.0 = Release|Any CPU
		{72FD944D-C823-4E8E-9616-E8039F68873E}.Debug|Any CPU.ActiveCfg = Debug|Any CPU
		{72FD944D-C823-4E8E-9616-E8039F68873E}.Debug|Any CPU.Build.0 = Debug|Any CPU
		{72FD944D-C823-4E8E-9616-E8039F68873E}.Release|Any CPU.ActiveCfg = Release|Any CPU
		{72FD944D-C823-4E8E-9616-E8039F68873E}.Release|Any CPU.Build.0 = Release|Any CPU
		{607FEA4E-D1E7-4476-B62C-FFFB3785059F}.Debug|Any CPU.ActiveCfg = Debug|Any CPU
		{607FEA4E-D1E7-4476-B62C-FFFB3785059F}.Debug|Any CPU.Build.0 = Debug|Any CPU
		{607FEA4E-D1E7-4476-B62C-FFFB3785059F}.Release|Any CPU.ActiveCfg = Release|Any CPU
		{607FEA4E-D1E7-4476-B62C-FFFB3785059F}.Release|Any CPU.Build.0 = Release|Any CPU
		{7CC59BBA-9B6A-4B5D-B4BB-7B86A4B25871}.Debug|Any CPU.ActiveCfg = Debug|Any CPU
		{7CC59BBA-9B6A-4B5D-B4BB-7B86A4B25871}.Debug|Any CPU.Build.0 = Debug|Any CPU
		{7CC59BBA-9B6A-4B5D-B4BB-7B86A4B25871}.Release|Any CPU.ActiveCfg = Release|Any CPU
		{7CC59BBA-9B6A-4B5D-B4BB-7B86A4B25871}.Release|Any CPU.Build.0 = Release|Any CPU
		{84BCC4EA-4C1F-43FC-956A-EEC9417091C9}.Debug|Any CPU.ActiveCfg = Debug|Any CPU
		{84BCC4EA-4C1F-43FC-956A-EEC9417091C9}.Debug|Any CPU.Build.0 = Debug|Any CPU
		{84BCC4EA-4C1F-43FC-956A-EEC9417091C9}.Release|Any CPU.ActiveCfg = Release|Any CPU
		{84BCC4EA-4C1F-43FC-956A-EEC9417091C9}.Release|Any CPU.Build.0 = Release|Any CPU
		{F77B340D-4DFE-45F2-B64D-7FB733E72C9A}.Debug|Any CPU.ActiveCfg = Debug|Any CPU
		{F77B340D-4DFE-45F2-B64D-7FB733E72C9A}.Debug|Any CPU.Build.0 = Debug|Any CPU
		{F77B340D-4DFE-45F2-B64D-7FB733E72C9A}.Release|Any CPU.ActiveCfg = Release|Any CPU
		{F77B340D-4DFE-45F2-B64D-7FB733E72C9A}.Release|Any CPU.Build.0 = Release|Any CPU
		{FFFC076A-C26E-47C4-8884-3F79FBF9E85B}.Debug|Any CPU.ActiveCfg = Debug|Any CPU
		{FFFC076A-C26E-47C4-8884-3F79FBF9E85B}.Debug|Any CPU.Build.0 = Debug|Any CPU
		{FFFC076A-C26E-47C4-8884-3F79FBF9E85B}.Release|Any CPU.ActiveCfg = Release|Any CPU
		{FFFC076A-C26E-47C4-8884-3F79FBF9E85B}.Release|Any CPU.Build.0 = Release|Any CPU
		{AEEC7916-A97D-469A-AAEC-863925C7D51B}.Debug|Any CPU.ActiveCfg = Debug|Any CPU
		{AEEC7916-A97D-469A-AAEC-863925C7D51B}.Debug|Any CPU.Build.0 = Debug|Any CPU
		{AEEC7916-A97D-469A-AAEC-863925C7D51B}.Release|Any CPU.ActiveCfg = Release|Any CPU
		{AEEC7916-A97D-469A-AAEC-863925C7D51B}.Release|Any CPU.Build.0 = Release|Any CPU
		{7233A941-563E-416B-9F03-3C5FF01F1DF1}.Debug|Any CPU.ActiveCfg = Debug|Any CPU
		{7233A941-563E-416B-9F03-3C5FF01F1DF1}.Debug|Any CPU.Build.0 = Debug|Any CPU
		{7233A941-563E-416B-9F03-3C5FF01F1DF1}.Release|Any CPU.ActiveCfg = Release|Any CPU
		{7233A941-563E-416B-9F03-3C5FF01F1DF1}.Release|Any CPU.Build.0 = Release|Any CPU
	EndGlobalSection
	GlobalSection(SolutionProperties) = preSolution
		HideSolutionNode = FALSE
	EndGlobalSection
	GlobalSection(NestedProjects) = preSolution
		{A19DA988-7FD6-4708-AE0F-30282CF8BB84} = {9E11EA0C-3554-4FD3-8E36-E91DCBF21AEB}
		{C53351C4-6108-4D9B-9E61-0CACFD1ABEF6} = {4A47B67F-E581-4705-9074-08C5DE2B6015}
		{DEA04B09-C905-40E1-B619-D80645C837D2} = {A19DA988-7FD6-4708-AE0F-30282CF8BB84}
		{9D858F96-7151-463B-8122-F2D72630035B} = {A19DA988-7FD6-4708-AE0F-30282CF8BB84}
		{5E45BAB1-3D55-4F30-8860-2FAE4D2B55B1} = {908573C3-80E8-4228-B77F-869AA968C6F6}
		{EF35FC47-059A-4250-ACED-66780CEFFE08} = {908573C3-80E8-4228-B77F-869AA968C6F6}
		{9D790DEB-4E96-4D4C-B0CA-17EE3D050FDA} = {908573C3-80E8-4228-B77F-869AA968C6F6}
		{4A47B67F-E581-4705-9074-08C5DE2B6015} = {908573C3-80E8-4228-B77F-869AA968C6F6}
		{A9A3F21E-78AC-400D-A5DC-4A2F9ADCA6ED} = {EF35FC47-059A-4250-ACED-66780CEFFE08}
		{7688C8AB-7C70-4760-BDDB-EA8986293EA5} = {EF35FC47-059A-4250-ACED-66780CEFFE08}
		{F1AD55C6-D111-4A78-9DB3-C63216A2B877} = {9E11EA0C-3554-4FD3-8E36-E91DCBF21AEB}
		{6FFE46B8-DA71-4608-82CE-9EDC2C18B805} = {F1AD55C6-D111-4A78-9DB3-C63216A2B877}
		{72FD944D-C823-4E8E-9616-E8039F68873E} = {9D790DEB-4E96-4D4C-B0CA-17EE3D050FDA}
		{97182F99-95C7-43DF-9F4A-E1FA82B12E7E} = {9E11EA0C-3554-4FD3-8E36-E91DCBF21AEB}
		{607FEA4E-D1E7-4476-B62C-FFFB3785059F} = {F1AD55C6-D111-4A78-9DB3-C63216A2B877}
		{7CC59BBA-9B6A-4B5D-B4BB-7B86A4B25871} = {97182F99-95C7-43DF-9F4A-E1FA82B12E7E}
		{84BCC4EA-4C1F-43FC-956A-EEC9417091C9} = {97182F99-95C7-43DF-9F4A-E1FA82B12E7E}
		{F77B340D-4DFE-45F2-B64D-7FB733E72C9A} = {5E45BAB1-3D55-4F30-8860-2FAE4D2B55B1}
		{FFFC076A-C26E-47C4-8884-3F79FBF9E85B} = {5E45BAB1-3D55-4F30-8860-2FAE4D2B55B1}
		{87AAD700-0289-4783-B002-F923E538D125} = {9E11EA0C-3554-4FD3-8E36-E91DCBF21AEB}
		{AEEC7916-A97D-469A-AAEC-863925C7D51B} = {87AAD700-0289-4783-B002-F923E538D125}
		{7233A941-563E-416B-9F03-3C5FF01F1DF1} = {87AAD700-0289-4783-B002-F923E538D125}
	EndGlobalSection
	GlobalSection(ExtensibilityGlobals) = postSolution
		SolutionGuid = {7D1DB79D-2559-4A20-9BF5-6BCAA607CAEA}
	EndGlobalSection
EndGlobal
